// !$*UTF8*$!
{
	archiveVersion = 1;
	classes = {
	};
	objectVersion = 45;
	objects = {

/* Begin PBXBuildFile section */
		8DD76FB00486AB0100D96B5E /* SkipDB.1 in CopyFiles */ = {isa = PBXBuildFile; fileRef = C6A0FF2C0290799A04C91782 /* SkipDB.1 */; };
		AA0DDDD00DB69B7400749820 /* test.c in Sources */ = {isa = PBXBuildFile; fileRef = AA0DDDCF0DB69B7400749820 /* test.c */; };
		AAFA3E110DB5BF0F00A8567E /* BStream.c in Sources */ = {isa = PBXBuildFile; fileRef = AAFA3C130DB5BF0E00A8567E /* BStream.c */; };
		AAFA3E120DB5BF0F00A8567E /* BStreamTag.c in Sources */ = {isa = PBXBuildFile; fileRef = AAFA3C150DB5BF0E00A8567E /* BStreamTag.c */; };
		AAFA3E130DB5BF0F00A8567E /* Common.c in Sources */ = {isa = PBXBuildFile; fileRef = AAFA3C170DB5BF0E00A8567E /* Common.c */; };
		AAFA3E140DB5BF0F00A8567E /* ConvertUTF.c in Sources */ = {isa = PBXBuildFile; fileRef = AAFA3C1A0DB5BF0E00A8567E /* ConvertUTF.c */; };
		AAFA3E150DB5BF0F00A8567E /* Date.c in Sources */ = {isa = PBXBuildFile; fileRef = AAFA3C1C0DB5BF0E00A8567E /* Date.c */; };
		AAFA3E160DB5BF0F00A8567E /* Datum.c in Sources */ = {isa = PBXBuildFile; fileRef = AAFA3C1E0DB5BF0E00A8567E /* Datum.c */; };
		AAFA3E170DB5BF0F00A8567E /* Duration.c in Sources */ = {isa = PBXBuildFile; fileRef = AAFA3C200DB5BF0E00A8567E /* Duration.c */; };
		AAFA3E180DB5BF0F00A8567E /* DynLib.c in Sources */ = {isa = PBXBuildFile; fileRef = AAFA3C220DB5BF0E00A8567E /* DynLib.c */; };
		AAFA3E190DB5BF0F00A8567E /* List.c in Sources */ = {isa = PBXBuildFile; fileRef = AAFA3C240DB5BF0E00A8567E /* List.c */; };
		AAFA3E1A0DB5BF0F00A8567E /* MainArgs.c in Sources */ = {isa = PBXBuildFile; fileRef = AAFA3C270DB5BF0E00A8567E /* MainArgs.c */; };
		AAFA3E1B0DB5BF0F00A8567E /* PHash.c in Sources */ = {isa = PBXBuildFile; fileRef = AAFA3C290DB5BF0E00A8567E /* PHash.c */; };
		AAFA3E1C0DB5BF0F00A8567E /* PortableGettimeofday.c in Sources */ = {isa = PBXBuildFile; fileRef = AAFA3C2C0DB5BF0E00A8567E /* PortableGettimeofday.c */; };
		AAFA3E1D0DB5BF0F00A8567E /* PortableSnprintf.c in Sources */ = {isa = PBXBuildFile; fileRef = AAFA3C2E0DB5BF0E00A8567E /* PortableSnprintf.c */; };
		AAFA3E1E0DB5BF0F00A8567E /* PortableStrlcpy.c in Sources */ = {isa = PBXBuildFile; fileRef = AAFA3C300DB5BF0E00A8567E /* PortableStrlcpy.c */; };
		AAFA3E1F0DB5BF0F00A8567E /* PortableStrptime.c in Sources */ = {isa = PBXBuildFile; fileRef = AAFA3C320DB5BF0E00A8567E /* PortableStrptime.c */; };
		AAFA3E200DB5BF0F00A8567E /* PortableTruncate.c in Sources */ = {isa = PBXBuildFile; fileRef = AAFA3C340DB5BF0E00A8567E /* PortableTruncate.c */; };
		AAFA3E210DB5BF0F00A8567E /* PortableUsleep.c in Sources */ = {isa = PBXBuildFile; fileRef = AAFA3C360DB5BF0E00A8567E /* PortableUsleep.c */; };
		AAFA3E220DB5BF0F00A8567E /* RandomGen.c in Sources */ = {isa = PBXBuildFile; fileRef = AAFA3C380DB5BF0E00A8567E /* RandomGen.c */; };
		AAFA3E230DB5BF0F00A8567E /* SHash.c in Sources */ = {isa = PBXBuildFile; fileRef = AAFA3C3A0DB5BF0E00A8567E /* SHash.c */; };
		AAFA3E260DB5BF0F00A8567E /* Sorting.c in Sources */ = {isa = PBXBuildFile; fileRef = AAFA3C4B0DB5BF0E00A8567E /* Sorting.c */; };
		AAFA3E270DB5BF0F00A8567E /* Stack.c in Sources */ = {isa = PBXBuildFile; fileRef = AAFA3C4D0DB5BF0E00A8567E /* Stack.c */; };
		AAFA3E280DB5BF0F00A8567E /* UArray.c in Sources */ = {isa = PBXBuildFile; fileRef = AAFA3C500DB5BF0E00A8567E /* UArray.c */; };
		AAFA3E290DB5BF0F00A8567E /* UArray_character.c in Sources */ = {isa = PBXBuildFile; fileRef = AAFA3C520DB5BF0E00A8567E /* UArray_character.c */; };
		AAFA3E2A0DB5BF0F00A8567E /* UArray_format.c in Sources */ = {isa = PBXBuildFile; fileRef = AAFA3C540DB5BF0E00A8567E /* UArray_format.c */; };
		AAFA3E2B0DB5BF0F00A8567E /* UArray_math.c in Sources */ = {isa = PBXBuildFile; fileRef = AAFA3C560DB5BF0E00A8567E /* UArray_math.c */; };
		AAFA3E2C0DB5BF0F00A8567E /* UArray_path.c in Sources */ = {isa = PBXBuildFile; fileRef = AAFA3C580DB5BF0E00A8567E /* UArray_path.c */; };
		AAFA3E2D0DB5BF0F00A8567E /* UArray_stream.c in Sources */ = {isa = PBXBuildFile; fileRef = AAFA3C5A0DB5BF0E00A8567E /* UArray_stream.c */; };
		AAFA3E2E0DB5BF0F00A8567E /* UArray_string.c in Sources */ = {isa = PBXBuildFile; fileRef = AAFA3C5C0DB5BF0E00A8567E /* UArray_string.c */; };
		AAFA3E2F0DB5BF0F00A8567E /* UArray_utf.c in Sources */ = {isa = PBXBuildFile; fileRef = AAFA3C5E0DB5BF0E00A8567E /* UArray_utf.c */; };
		AAFA3E8E0DB5BF0F00A8567E /* JFile.c in Sources */ = {isa = PBXBuildFile; fileRef = AAFA3D010DB5BF0F00A8567E /* JFile.c */; };
		AAFA3E920DB5BF0F00A8567E /* SkipDB.c in Sources */ = {isa = PBXBuildFile; fileRef = AAFA3D280DB5BF0F00A8567E /* SkipDB.c */; };
		AAFA3E930DB5BF0F00A8567E /* SkipDBCursor.c in Sources */ = {isa = PBXBuildFile; fileRef = AAFA3D2A0DB5BF0F00A8567E /* SkipDBCursor.c */; };
		AAFA3E940DB5BF0F00A8567E /* SkipDBRecord.c in Sources */ = {isa = PBXBuildFile; fileRef = AAFA3D2C0DB5BF0F00A8567E /* SkipDBRecord.c */; };
		AAFA3F030DB5BF0F00A8567E /* UDB.c in Sources */ = {isa = PBXBuildFile; fileRef = AAFA3DE50DB5BF0F00A8567E /* UDB.c */; };
		AAFA3F040DB5BF0F00A8567E /* UDBIndex.c in Sources */ = {isa = PBXBuildFile; fileRef = AAFA3DE70DB5BF0F00A8567E /* UDBIndex.c */; };
		AAFA3F050DB5BF0F00A8567E /* UDBRecord.c in Sources */ = {isa = PBXBuildFile; fileRef = AAFA3DE90DB5BF0F00A8567E /* UDBRecord.c */; };
		AAFA3F060DB5BF0F00A8567E /* UDBRecords.c in Sources */ = {isa = PBXBuildFile; fileRef = AAFA3DEB0DB5BF0F00A8567E /* UDBRecords.c */; };
/* End PBXBuildFile section */

/* Begin PBXCopyFilesBuildPhase section */
		8DD76FAF0486AB0100D96B5E /* CopyFiles */ = {
			isa = PBXCopyFilesBuildPhase;
			buildActionMask = 8;
			dstPath = /usr/share/man/man1/;
			dstSubfolderSpec = 0;
			files = (
				8DD76FB00486AB0100D96B5E /* SkipDB.1 in CopyFiles */,
			);
			runOnlyForDeploymentPostprocessing = 1;
		};
/* End PBXCopyFilesBuildPhase section */

/* Begin PBXFileReference section */
		8DD76FB20486AB0100D96B5E /* SkipDB */ = {isa = PBXFileReference; explicitFileType = "compiled.mach-o.executable"; includeInIndex = 0; path = SkipDB; sourceTree = BUILT_PRODUCTS_DIR; };
		AA0DDDCF0DB69B7400749820 /* test.c */ = {isa = PBXFileReference; fileEncoding = 4; lastKnownFileType = sourcecode.c.c; name = test.c; path = ../../../tests/test.c; sourceTree = SOURCE_ROOT; };
		AAFA3C120DB5BF0E00A8567E /* Base.h */ = {isa = PBXFileReference; fileEncoding = 4; lastKnownFileType = sourcecode.c.h; name = Base.h; path = ../../../../basekit/source/Base.h; sourceTree = SOURCE_ROOT; };
		AAFA3C130DB5BF0E00A8567E /* BStream.c */ = {isa = PBXFileReference; fileEncoding = 4; lastKnownFileType = sourcecode.c.c; name = BStream.c; path = ../../../../basekit/source/BStream.c; sourceTree = SOURCE_ROOT; };
		AAFA3C140DB5BF0E00A8567E /* BStream.h */ = {isa = PBXFileReference; fileEncoding = 4; lastKnownFileType = sourcecode.c.h; name = BStream.h; path = ../../../../basekit/source/BStream.h; sourceTree = SOURCE_ROOT; };
		AAFA3C150DB5BF0E00A8567E /* BStreamTag.c */ = {isa = PBXFileReference; fileEncoding = 4; lastKnownFileType = sourcecode.c.c; name = BStreamTag.c; path = ../../../../basekit/source/BStreamTag.c; sourceTree = SOURCE_ROOT; };
		AAFA3C160DB5BF0E00A8567E /* BStreamTag.h */ = {isa = PBXFileReference; fileEncoding = 4; lastKnownFileType = sourcecode.c.h; name = BStreamTag.h; path = ../../../../basekit/source/BStreamTag.h; sourceTree = SOURCE_ROOT; };
		AAFA3C170DB5BF0E00A8567E /* Common.c */ = {isa = PBXFileReference; fileEncoding = 4; lastKnownFileType = sourcecode.c.c; name = Common.c; path = ../../../../basekit/source/Common.c; sourceTree = SOURCE_ROOT; };
		AAFA3C180DB5BF0E00A8567E /* Common.h */ = {isa = PBXFileReference; fileEncoding = 4; lastKnownFileType = sourcecode.c.h; name = Common.h; path = ../../../../basekit/source/Common.h; sourceTree = SOURCE_ROOT; };
		AAFA3C190DB5BF0E00A8567E /* Common_inline.h */ = {isa = PBXFileReference; fileEncoding = 4; lastKnownFileType = sourcecode.c.h; name = Common_inline.h; path = ../../../../basekit/source/Common_inline.h; sourceTree = SOURCE_ROOT; };
		AAFA3C1A0DB5BF0E00A8567E /* ConvertUTF.c */ = {isa = PBXFileReference; fileEncoding = 4; lastKnownFileType = sourcecode.c.c; name = ConvertUTF.c; path = ../../../../basekit/source/ConvertUTF.c; sourceTree = SOURCE_ROOT; };
		AAFA3C1B0DB5BF0E00A8567E /* ConvertUTF.h */ = {isa = PBXFileReference; fileEncoding = 4; lastKnownFileType = sourcecode.c.h; name = ConvertUTF.h; path = ../../../../basekit/source/ConvertUTF.h; sourceTree = SOURCE_ROOT; };
		AAFA3C1C0DB5BF0E00A8567E /* Date.c */ = {isa = PBXFileReference; fileEncoding = 4; lastKnownFileType = sourcecode.c.c; name = Date.c; path = ../../../../basekit/source/Date.c; sourceTree = SOURCE_ROOT; };
		AAFA3C1D0DB5BF0E00A8567E /* Date.h */ = {isa = PBXFileReference; fileEncoding = 4; lastKnownFileType = sourcecode.c.h; name = Date.h; path = ../../../../basekit/source/Date.h; sourceTree = SOURCE_ROOT; };
		AAFA3C1E0DB5BF0E00A8567E /* Datum.c */ = {isa = PBXFileReference; fileEncoding = 4; lastKnownFileType = sourcecode.c.c; name = Datum.c; path = ../../../../basekit/source/Datum.c; sourceTree = SOURCE_ROOT; };
		AAFA3C1F0DB5BF0E00A8567E /* Datum.h */ = {isa = PBXFileReference; fileEncoding = 4; lastKnownFileType = sourcecode.c.h; name = Datum.h; path = ../../../../basekit/source/Datum.h; sourceTree = SOURCE_ROOT; };
		AAFA3C200DB5BF0E00A8567E /* Duration.c */ = {isa = PBXFileReference; fileEncoding = 4; lastKnownFileType = sourcecode.c.c; name = Duration.c; path = ../../../../basekit/source/Duration.c; sourceTree = SOURCE_ROOT; };
		AAFA3C210DB5BF0E00A8567E /* Duration.h */ = {isa = PBXFileReference; fileEncoding = 4; lastKnownFileType = sourcecode.c.h; name = Duration.h; path = ../../../../basekit/source/Duration.h; sourceTree = SOURCE_ROOT; };
		AAFA3C220DB5BF0E00A8567E /* DynLib.c */ = {isa = PBXFileReference; fileEncoding = 4; lastKnownFileType = sourcecode.c.c; name = DynLib.c; path = ../../../../basekit/source/DynLib.c; sourceTree = SOURCE_ROOT; };
		AAFA3C230DB5BF0E00A8567E /* DynLib.h */ = {isa = PBXFileReference; fileEncoding = 4; lastKnownFileType = sourcecode.c.h; name = DynLib.h; path = ../../../../basekit/source/DynLib.h; sourceTree = SOURCE_ROOT; };
		AAFA3C240DB5BF0E00A8567E /* List.c */ = {isa = PBXFileReference; fileEncoding = 4; lastKnownFileType = sourcecode.c.c; name = List.c; path = ../../../../basekit/source/List.c; sourceTree = SOURCE_ROOT; };
		AAFA3C250DB5BF0E00A8567E /* List.h */ = {isa = PBXFileReference; fileEncoding = 4; lastKnownFileType = sourcecode.c.h; name = List.h; path = ../../../../basekit/source/List.h; sourceTree = SOURCE_ROOT; };
		AAFA3C260DB5BF0E00A8567E /* List_inline.h */ = {isa = PBXFileReference; fileEncoding = 4; lastKnownFileType = sourcecode.c.h; name = List_inline.h; path = ../../../../basekit/source/List_inline.h; sourceTree = SOURCE_ROOT; };
		AAFA3C270DB5BF0E00A8567E /* MainArgs.c */ = {isa = PBXFileReference; fileEncoding = 4; lastKnownFileType = sourcecode.c.c; name = MainArgs.c; path = ../../../../basekit/source/MainArgs.c; sourceTree = SOURCE_ROOT; };
		AAFA3C280DB5BF0E00A8567E /* MainArgs.h */ = {isa = PBXFileReference; fileEncoding = 4; lastKnownFileType = sourcecode.c.h; name = MainArgs.h; path = ../../../../basekit/source/MainArgs.h; sourceTree = SOURCE_ROOT; };
		AAFA3C290DB5BF0E00A8567E /* PHash.c */ = {isa = PBXFileReference; fileEncoding = 4; lastKnownFileType = sourcecode.c.c; name = PHash.c; path = ../../../../basekit/source/PHash.c; sourceTree = SOURCE_ROOT; };
		AAFA3C2A0DB5BF0E00A8567E /* PHash.h */ = {isa = PBXFileReference; fileEncoding = 4; lastKnownFileType = sourcecode.c.h; name = PHash.h; path = ../../../../basekit/source/PHash.h; sourceTree = SOURCE_ROOT; };
		AAFA3C2B0DB5BF0E00A8567E /* PHash_inline.h */ = {isa = PBXFileReference; fileEncoding = 4; lastKnownFileType = sourcecode.c.h; name = PHash_inline.h; path = ../../../../basekit/source/PHash_inline.h; sourceTree = SOURCE_ROOT; };
		AAFA3C2C0DB5BF0E00A8567E /* PortableGettimeofday.c */ = {isa = PBXFileReference; fileEncoding = 4; lastKnownFileType = sourcecode.c.c; name = PortableGettimeofday.c; path = ../../../../basekit/source/PortableGettimeofday.c; sourceTree = SOURCE_ROOT; };
		AAFA3C2D0DB5BF0E00A8567E /* PortableGettimeofday.h */ = {isa = PBXFileReference; fileEncoding = 4; lastKnownFileType = sourcecode.c.h; name = PortableGettimeofday.h; path = ../../../../basekit/source/PortableGettimeofday.h; sourceTree = SOURCE_ROOT; };
		AAFA3C2E0DB5BF0E00A8567E /* PortableSnprintf.c */ = {isa = PBXFileReference; fileEncoding = 4; lastKnownFileType = sourcecode.c.c; name = PortableSnprintf.c; path = ../../../../basekit/source/PortableSnprintf.c; sourceTree = SOURCE_ROOT; };
		AAFA3C2F0DB5BF0E00A8567E /* PortableStdint.h */ = {isa = PBXFileReference; fileEncoding = 4; lastKnownFileType = sourcecode.c.h; name = PortableStdint.h; path = ../../../../basekit/source/PortableStdint.h; sourceTree = SOURCE_ROOT; };
		AAFA3C300DB5BF0E00A8567E /* PortableStrlcpy.c */ = {isa = PBXFileReference; fileEncoding = 4; lastKnownFileType = sourcecode.c.c; name = PortableStrlcpy.c; path = ../../../../basekit/source/PortableStrlcpy.c; sourceTree = SOURCE_ROOT; };
		AAFA3C310DB5BF0E00A8567E /* PortableStrlcpy.h */ = {isa = PBXFileReference; fileEncoding = 4; lastKnownFileType = sourcecode.c.h; name = PortableStrlcpy.h; path = ../../../../basekit/source/PortableStrlcpy.h; sourceTree = SOURCE_ROOT; };
		AAFA3C320DB5BF0E00A8567E /* PortableStrptime.c */ = {isa = PBXFileReference; fileEncoding = 4; lastKnownFileType = sourcecode.c.c; name = PortableStrptime.c; path = ../../../../basekit/source/PortableStrptime.c; sourceTree = SOURCE_ROOT; };
		AAFA3C330DB5BF0E00A8567E /* PortableStrptime.h */ = {isa = PBXFileReference; fileEncoding = 4; lastKnownFileType = sourcecode.c.h; name = PortableStrptime.h; path = ../../../../basekit/source/PortableStrptime.h; sourceTree = SOURCE_ROOT; };
		AAFA3C340DB5BF0E00A8567E /* PortableTruncate.c */ = {isa = PBXFileReference; fileEncoding = 4; lastKnownFileType = sourcecode.c.c; name = PortableTruncate.c; path = ../../../../basekit/source/PortableTruncate.c; sourceTree = SOURCE_ROOT; };
		AAFA3C350DB5BF0E00A8567E /* PortableTruncate.h */ = {isa = PBXFileReference; fileEncoding = 4; lastKnownFileType = sourcecode.c.h; name = PortableTruncate.h; path = ../../../../basekit/source/PortableTruncate.h; sourceTree = SOURCE_ROOT; };
		AAFA3C360DB5BF0E00A8567E /* PortableUsleep.c */ = {isa = PBXFileReference; fileEncoding = 4; lastKnownFileType = sourcecode.c.c; name = PortableUsleep.c; path = ../../../../basekit/source/PortableUsleep.c; sourceTree = SOURCE_ROOT; };
		AAFA3C370DB5BF0E00A8567E /* PortableUsleep.h */ = {isa = PBXFileReference; fileEncoding = 4; lastKnownFileType = sourcecode.c.h; name = PortableUsleep.h; path = ../../../../basekit/source/PortableUsleep.h; sourceTree = SOURCE_ROOT; };
		AAFA3C380DB5BF0E00A8567E /* RandomGen.c */ = {isa = PBXFileReference; fileEncoding = 4; lastKnownFileType = sourcecode.c.c; name = RandomGen.c; path = ../../../../basekit/source/RandomGen.c; sourceTree = SOURCE_ROOT; };
		AAFA3C390DB5BF0E00A8567E /* RandomGen.h */ = {isa = PBXFileReference; fileEncoding = 4; lastKnownFileType = sourcecode.c.h; name = RandomGen.h; path = ../../../../basekit/source/RandomGen.h; sourceTree = SOURCE_ROOT; };
		AAFA3C3A0DB5BF0E00A8567E /* SHash.c */ = {isa = PBXFileReference; fileEncoding = 4; lastKnownFileType = sourcecode.c.c; name = SHash.c; path = ../../../../basekit/source/SHash.c; sourceTree = SOURCE_ROOT; };
		AAFA3C3B0DB5BF0E00A8567E /* SHash.h */ = {isa = PBXFileReference; fileEncoding = 4; lastKnownFileType = sourcecode.c.h; name = SHash.h; path = ../../../../basekit/source/SHash.h; sourceTree = SOURCE_ROOT; };
		AAFA3C3C0DB5BF0E00A8567E /* SHash_inline.h */ = {isa = PBXFileReference; fileEncoding = 4; lastKnownFileType = sourcecode.c.h; name = SHash_inline.h; path = ../../../../basekit/source/SHash_inline.h; sourceTree = SOURCE_ROOT; };
		AAFA3C410DB5BF0E00A8567E /* simd_cp.h */ = {isa = PBXFileReference; fileEncoding = 4; lastKnownFileType = sourcecode.c.h; name = simd_cp.h; path = ../../../../basekit/source/simd_cph/include/simd_cp.h; sourceTree = SOURCE_ROOT; };
		AAFA3C420DB5BF0E00A8567E /* simd_cp_arm-iwmmx.h */ = {isa = PBXFileReference; fileEncoding = 4; lastKnownFileType = sourcecode.c.h; name = "simd_cp_arm-iwmmx.h"; path = "../../../../basekit/source/simd_cph/include/simd_cp_arm-iwmmx.h"; sourceTree = SOURCE_ROOT; };
		AAFA3C430DB5BF0E00A8567E /* simd_cp_emu.h */ = {isa = PBXFileReference; fileEncoding = 4; lastKnownFileType = sourcecode.c.h; name = simd_cp_emu.h; path = ../../../../basekit/source/simd_cph/include/simd_cp_emu.h; sourceTree = SOURCE_ROOT; };
		AAFA3C440DB5BF0E00A8567E /* simd_cp_x86.h */ = {isa = PBXFileReference; fileEncoding = 4; lastKnownFileType = sourcecode.c.h; name = simd_cp_x86.h; path = ../../../../basekit/source/simd_cph/include/simd_cp_x86.h; sourceTree = SOURCE_ROOT; };
		AAFA3C4B0DB5BF0E00A8567E /* Sorting.c */ = {isa = PBXFileReference; fileEncoding = 4; lastKnownFileType = sourcecode.c.c; name = Sorting.c; path = ../../../../basekit/source/Sorting.c; sourceTree = SOURCE_ROOT; };
		AAFA3C4C0DB5BF0E00A8567E /* Sorting.h */ = {isa = PBXFileReference; fileEncoding = 4; lastKnownFileType = sourcecode.c.h; name = Sorting.h; path = ../../../../basekit/source/Sorting.h; sourceTree = SOURCE_ROOT; };
		AAFA3C4D0DB5BF0E00A8567E /* Stack.c */ = {isa = PBXFileReference; fileEncoding = 4; lastKnownFileType = sourcecode.c.c; name = Stack.c; path = ../../../../basekit/source/Stack.c; sourceTree = SOURCE_ROOT; };
		AAFA3C4E0DB5BF0E00A8567E /* Stack.h */ = {isa = PBXFileReference; fileEncoding = 4; lastKnownFileType = sourcecode.c.h; name = Stack.h; path = ../../../../basekit/source/Stack.h; sourceTree = SOURCE_ROOT; };
		AAFA3C4F0DB5BF0E00A8567E /* Stack_inline.h */ = {isa = PBXFileReference; fileEncoding = 4; lastKnownFileType = sourcecode.c.h; name = Stack_inline.h; path = ../../../../basekit/source/Stack_inline.h; sourceTree = SOURCE_ROOT; };
		AAFA3C500DB5BF0E00A8567E /* UArray.c */ = {isa = PBXFileReference; fileEncoding = 4; lastKnownFileType = sourcecode.c.c; name = UArray.c; path = ../../../../basekit/source/UArray.c; sourceTree = SOURCE_ROOT; };
		AAFA3C510DB5BF0E00A8567E /* UArray.h */ = {isa = PBXFileReference; fileEncoding = 4; lastKnownFileType = sourcecode.c.h; name = UArray.h; path = ../../../../basekit/source/UArray.h; sourceTree = SOURCE_ROOT; };
		AAFA3C520DB5BF0E00A8567E /* UArray_character.c */ = {isa = PBXFileReference; fileEncoding = 4; lastKnownFileType = sourcecode.c.c; name = UArray_character.c; path = ../../../../basekit/source/UArray_character.c; sourceTree = SOURCE_ROOT; };
		AAFA3C530DB5BF0E00A8567E /* UArray_character.h */ = {isa = PBXFileReference; fileEncoding = 4; lastKnownFileType = sourcecode.c.h; name = UArray_character.h; path = ../../../../basekit/source/UArray_character.h; sourceTree = SOURCE_ROOT; };
		AAFA3C540DB5BF0E00A8567E /* UArray_format.c */ = {isa = PBXFileReference; fileEncoding = 4; lastKnownFileType = sourcecode.c.c; name = UArray_format.c; path = ../../../../basekit/source/UArray_format.c; sourceTree = SOURCE_ROOT; };
		AAFA3C550DB5BF0E00A8567E /* UArray_format.h */ = {isa = PBXFileReference; fileEncoding = 4; lastKnownFileType = sourcecode.c.h; name = UArray_format.h; path = ../../../../basekit/source/UArray_format.h; sourceTree = SOURCE_ROOT; };
		AAFA3C560DB5BF0E00A8567E /* UArray_math.c */ = {isa = PBXFileReference; fileEncoding = 4; lastKnownFileType = sourcecode.c.c; name = UArray_math.c; path = ../../../../basekit/source/UArray_math.c; sourceTree = SOURCE_ROOT; };
		AAFA3C570DB5BF0E00A8567E /* UArray_math.h */ = {isa = PBXFileReference; fileEncoding = 4; lastKnownFileType = sourcecode.c.h; name = UArray_math.h; path = ../../../../basekit/source/UArray_math.h; sourceTree = SOURCE_ROOT; };
		AAFA3C580DB5BF0E00A8567E /* UArray_path.c */ = {isa = PBXFileReference; fileEncoding = 4; lastKnownFileType = sourcecode.c.c; name = UArray_path.c; path = ../../../../basekit/source/UArray_path.c; sourceTree = SOURCE_ROOT; };
		AAFA3C590DB5BF0E00A8567E /* UArray_path.h */ = {isa = PBXFileReference; fileEncoding = 4; lastKnownFileType = sourcecode.c.h; name = UArray_path.h; path = ../../../../basekit/source/UArray_path.h; sourceTree = SOURCE_ROOT; };
		AAFA3C5A0DB5BF0E00A8567E /* UArray_stream.c */ = {isa = PBXFileReference; fileEncoding = 4; lastKnownFileType = sourcecode.c.c; name = UArray_stream.c; path = ../../../../basekit/source/UArray_stream.c; sourceTree = SOURCE_ROOT; };
		AAFA3C5B0DB5BF0E00A8567E /* UArray_stream.h */ = {isa = PBXFileReference; fileEncoding = 4; lastKnownFileType = sourcecode.c.h; name = UArray_stream.h; path = ../../../../basekit/source/UArray_stream.h; sourceTree = SOURCE_ROOT; };
		AAFA3C5C0DB5BF0E00A8567E /* UArray_string.c */ = {isa = PBXFileReference; fileEncoding = 4; lastKnownFileType = sourcecode.c.c; name = UArray_string.c; path = ../../../../basekit/source/UArray_string.c; sourceTree = SOURCE_ROOT; };
		AAFA3C5D0DB5BF0E00A8567E /* UArray_string.h */ = {isa = PBXFileReference; fileEncoding = 4; lastKnownFileType = sourcecode.c.h; name = UArray_string.h; path = ../../../../basekit/source/UArray_string.h; sourceTree = SOURCE_ROOT; };
		AAFA3C5E0DB5BF0E00A8567E /* UArray_utf.c */ = {isa = PBXFileReference; fileEncoding = 4; lastKnownFileType = sourcecode.c.c; name = UArray_utf.c; path = ../../../../basekit/source/UArray_utf.c; sourceTree = SOURCE_ROOT; };
		AAFA3C5F0DB5BF0E00A8567E /* UArray_utf.h */ = {isa = PBXFileReference; fileEncoding = 4; lastKnownFileType = sourcecode.c.h; name = UArray_utf.h; path = ../../../../basekit/source/UArray_utf.h; sourceTree = SOURCE_ROOT; };
		AAFA3D010DB5BF0F00A8567E /* JFile.c */ = {isa = PBXFileReference; fileEncoding = 4; lastKnownFileType = sourcecode.c.c; name = JFile.c; path = ../../../../jfile/source/JFile.c; sourceTree = SOURCE_ROOT; };
		AAFA3D020DB5BF0F00A8567E /* JFile.h */ = {isa = PBXFileReference; fileEncoding = 4; lastKnownFileType = sourcecode.c.h; name = JFile.h; path = ../../../../jfile/source/JFile.h; sourceTree = SOURCE_ROOT; };
		AAFA3D280DB5BF0F00A8567E /* SkipDB.c */ = {isa = PBXFileReference; fileEncoding = 4; lastKnownFileType = sourcecode.c.c; name = SkipDB.c; path = ../../../source/SkipDB.c; sourceTree = SOURCE_ROOT; };
		AAFA3D290DB5BF0F00A8567E /* SkipDB.h */ = {isa = PBXFileReference; fileEncoding = 4; lastKnownFileType = sourcecode.c.h; name = SkipDB.h; path = ../../../source/SkipDB.h; sourceTree = SOURCE_ROOT; };
		AAFA3D2A0DB5BF0F00A8567E /* SkipDBCursor.c */ = {isa = PBXFileReference; fileEncoding = 4; lastKnownFileType = sourcecode.c.c; name = SkipDBCursor.c; path = ../../../source/SkipDBCursor.c; sourceTree = SOURCE_ROOT; };
		AAFA3D2B0DB5BF0F00A8567E /* SkipDBCursor.h */ = {isa = PBXFileReference; fileEncoding = 4; lastKnownFileType = sourcecode.c.h; name = SkipDBCursor.h; path = ../../../source/SkipDBCursor.h; sourceTree = SOURCE_ROOT; };
		AAFA3D2C0DB5BF0F00A8567E /* SkipDBRecord.c */ = {isa = PBXFileReference; fileEncoding = 4; lastKnownFileType = sourcecode.c.c; name = SkipDBRecord.c; path = ../../../source/SkipDBRecord.c; sourceTree = SOURCE_ROOT; };
		AAFA3D2D0DB5BF0F00A8567E /* SkipDBRecord.h */ = {isa = PBXFileReference; fileEncoding = 4; lastKnownFileType = sourcecode.c.h; name = SkipDBRecord.h; path = ../../../source/SkipDBRecord.h; sourceTree = SOURCE_ROOT; };
		AAFA3DE50DB5BF0F00A8567E /* UDB.c */ = {isa = PBXFileReference; fileEncoding = 4; lastKnownFileType = sourcecode.c.c; name = UDB.c; path = ../../../../udb/source/UDB.c; sourceTree = SOURCE_ROOT; };
		AAFA3DE60DB5BF0F00A8567E /* UDB.h */ = {isa = PBXFileReference; fileEncoding = 4; lastKnownFileType = sourcecode.c.h; name = UDB.h; path = ../../../../udb/source/UDB.h; sourceTree = SOURCE_ROOT; };
		AAFA3DE70DB5BF0F00A8567E /* UDBIndex.c */ = {isa = PBXFileReference; fileEncoding = 4; lastKnownFileType = sourcecode.c.c; name = UDBIndex.c; path = ../../../../udb/source/UDBIndex.c; sourceTree = SOURCE_ROOT; };
		AAFA3DE80DB5BF0F00A8567E /* UDBIndex.h */ = {isa = PBXFileReference; fileEncoding = 4; lastKnownFileType = sourcecode.c.h; name = UDBIndex.h; path = ../../../../udb/source/UDBIndex.h; sourceTree = SOURCE_ROOT; };
		AAFA3DE90DB5BF0F00A8567E /* UDBRecord.c */ = {isa = PBXFileReference; fileEncoding = 4; lastKnownFileType = sourcecode.c.c; name = UDBRecord.c; path = ../../../../udb/source/UDBRecord.c; sourceTree = SOURCE_ROOT; };
		AAFA3DEA0DB5BF0F00A8567E /* UDBRecord.h */ = {isa = PBXFileReference; fileEncoding = 4; lastKnownFileType = sourcecode.c.h; name = UDBRecord.h; path = ../../../../udb/source/UDBRecord.h; sourceTree = SOURCE_ROOT; };
		AAFA3DEB0DB5BF0F00A8567E /* UDBRecords.c */ = {isa = PBXFileReference; fileEncoding = 4; lastKnownFileType = sourcecode.c.c; name = UDBRecords.c; path = ../../../../udb/source/UDBRecords.c; sourceTree = SOURCE_ROOT; };
		AAFA3DEC0DB5BF0F00A8567E /* UDBRecords.h */ = {isa = PBXFileReference; fileEncoding = 4; lastKnownFileType = sourcecode.c.h; name = UDBRecords.h; path = ../../../../udb/source/UDBRecords.h; sourceTree = SOURCE_ROOT; };
		C6A0FF2C0290799A04C91782 /* SkipDB.1 */ = {isa = PBXFileReference; lastKnownFileType = text.man; path = SkipDB.1; sourceTree = "<group>"; };
/* End PBXFileReference section */

/* Begin PBXFrameworksBuildPhase section */
		8DD76FAD0486AB0100D96B5E /* Frameworks */ = {
			isa = PBXFrameworksBuildPhase;
			buildActionMask = 2147483647;
			files = (
			);
			runOnlyForDeploymentPostprocessing = 0;
		};
/* End PBXFrameworksBuildPhase section */

/* Begin PBXGroup section */
		08FB7794FE84155DC02AAC07 /* SkipDB */ = {
			isa = PBXGroup;
			children = (
				08FB7795FE84155DC02AAC07 /* Source */,
				C6A0FF2B0290797F04C91782 /* Documentation */,
				1AB674ADFE9D54B511CA2CBB /* Products */,
			);
			name = SkipDB;
			sourceTree = "<group>";
		};
		08FB7795FE84155DC02AAC07 /* Source */ = {
			isa = PBXGroup;
			children = (
				AAFA3BC40DB5BF0E00A8567E /* libs */,
			);
			name = Source;
			sourceTree = "<group>";
		};
		1AB674ADFE9D54B511CA2CBB /* Products */ = {
			isa = PBXGroup;
			children = (
				8DD76FB20486AB0100D96B5E /* SkipDB */,
			);
			name = Products;
			sourceTree = "<group>";
		};
		AAFA3BC40DB5BF0E00A8567E /* libs */ = {
			isa = PBXGroup;
			children = (
				AAFA3BC50DB5BF0E00A8567E /* basekit */,
				AAFA3C600DB5BF0E00A8567E /* jfile */,
				AAFA3D070DB5BF0F00A8567E /* skipdb */,
				AAFA3D320DB5BF0F00A8567E /* udb */,
			);
			name = libs;
			path = ../../../..;
			sourceTree = SOURCE_ROOT;
		};
		AAFA3BC50DB5BF0E00A8567E /* basekit */ = {
			isa = PBXGroup;
			children = (
				AAFA3C0F0DB5BF0E00A8567E /* source */,
			);
			name = basekit;
			path = ../../../../basekit;
			sourceTree = SOURCE_ROOT;
		};
		AAFA3C0F0DB5BF0E00A8567E /* source */ = {
			isa = PBXGroup;
			children = (
				AAFA3C120DB5BF0E00A8567E /* Base.h */,
				AAFA3C130DB5BF0E00A8567E /* BStream.c */,
				AAFA3C140DB5BF0E00A8567E /* BStream.h */,
				AAFA3C150DB5BF0E00A8567E /* BStreamTag.c */,
				AAFA3C160DB5BF0E00A8567E /* BStreamTag.h */,
				AAFA3C170DB5BF0E00A8567E /* Common.c */,
				AAFA3C180DB5BF0E00A8567E /* Common.h */,
				AAFA3C190DB5BF0E00A8567E /* Common_inline.h */,
				AAFA3C1A0DB5BF0E00A8567E /* ConvertUTF.c */,
				AAFA3C1B0DB5BF0E00A8567E /* ConvertUTF.h */,
				AAFA3C1C0DB5BF0E00A8567E /* Date.c */,
				AAFA3C1D0DB5BF0E00A8567E /* Date.h */,
				AAFA3C1E0DB5BF0E00A8567E /* Datum.c */,
				AAFA3C1F0DB5BF0E00A8567E /* Datum.h */,
				AAFA3C200DB5BF0E00A8567E /* Duration.c */,
				AAFA3C210DB5BF0E00A8567E /* Duration.h */,
				AAFA3C220DB5BF0E00A8567E /* DynLib.c */,
				AAFA3C230DB5BF0E00A8567E /* DynLib.h */,
				AAFA3C240DB5BF0E00A8567E /* List.c */,
				AAFA3C250DB5BF0E00A8567E /* List.h */,
				AAFA3C260DB5BF0E00A8567E /* List_inline.h */,
				AAFA3C270DB5BF0E00A8567E /* MainArgs.c */,
				AAFA3C280DB5BF0E00A8567E /* MainArgs.h */,
				AAFA3C290DB5BF0E00A8567E /* PHash.c */,
				AAFA3C2A0DB5BF0E00A8567E /* PHash.h */,
				AAFA3C2B0DB5BF0E00A8567E /* PHash_inline.h */,
				AAFA3C2C0DB5BF0E00A8567E /* PortableGettimeofday.c */,
				AAFA3C2D0DB5BF0E00A8567E /* PortableGettimeofday.h */,
				AAFA3C2E0DB5BF0E00A8567E /* PortableSnprintf.c */,
				AAFA3C2F0DB5BF0E00A8567E /* PortableStdint.h */,
				AAFA3C300DB5BF0E00A8567E /* PortableStrlcpy.c */,
				AAFA3C310DB5BF0E00A8567E /* PortableStrlcpy.h */,
				AAFA3C320DB5BF0E00A8567E /* PortableStrptime.c */,
				AAFA3C330DB5BF0E00A8567E /* PortableStrptime.h */,
				AAFA3C340DB5BF0E00A8567E /* PortableTruncate.c */,
				AAFA3C350DB5BF0E00A8567E /* PortableTruncate.h */,
				AAFA3C360DB5BF0E00A8567E /* PortableUsleep.c */,
				AAFA3C370DB5BF0E00A8567E /* PortableUsleep.h */,
				AAFA3C380DB5BF0E00A8567E /* RandomGen.c */,
				AAFA3C390DB5BF0E00A8567E /* RandomGen.h */,
				AAFA3C3A0DB5BF0E00A8567E /* SHash.c */,
				AAFA3C3B0DB5BF0E00A8567E /* SHash.h */,
				AAFA3C3C0DB5BF0E00A8567E /* SHash_inline.h */,
				AAFA3C3D0DB5BF0E00A8567E /* simd_cph */,
				AAFA3C4B0DB5BF0E00A8567E /* Sorting.c */,
				AAFA3C4C0DB5BF0E00A8567E /* Sorting.h */,
				AAFA3C4D0DB5BF0E00A8567E /* Stack.c */,
				AAFA3C4E0DB5BF0E00A8567E /* Stack.h */,
				AAFA3C4F0DB5BF0E00A8567E /* Stack_inline.h */,
				AAFA3C500DB5BF0E00A8567E /* UArray.c */,
				AAFA3C510DB5BF0E00A8567E /* UArray.h */,
				AAFA3C520DB5BF0E00A8567E /* UArray_character.c */,
				AAFA3C530DB5BF0E00A8567E /* UArray_character.h */,
				AAFA3C540DB5BF0E00A8567E /* UArray_format.c */,
				AAFA3C550DB5BF0E00A8567E /* UArray_format.h */,
				AAFA3C560DB5BF0E00A8567E /* UArray_math.c */,
				AAFA3C570DB5BF0E00A8567E /* UArray_math.h */,
				AAFA3C580DB5BF0E00A8567E /* UArray_path.c */,
				AAFA3C590DB5BF0E00A8567E /* UArray_path.h */,
				AAFA3C5A0DB5BF0E00A8567E /* UArray_stream.c */,
				AAFA3C5B0DB5BF0E00A8567E /* UArray_stream.h */,
				AAFA3C5C0DB5BF0E00A8567E /* UArray_string.c */,
				AAFA3C5D0DB5BF0E00A8567E /* UArray_string.h */,
				AAFA3C5E0DB5BF0E00A8567E /* UArray_utf.c */,
				AAFA3C5F0DB5BF0E00A8567E /* UArray_utf.h */,
			);
			name = source;
			path = ../../../../basekit/source;
			sourceTree = SOURCE_ROOT;
		};
		AAFA3C3D0DB5BF0E00A8567E /* simd_cph */ = {
			isa = PBXGroup;
			children = (
				AAFA3C400DB5BF0E00A8567E /* include */,
			);
			name = simd_cph;
			path = ../../../../basekit/source/simd_cph;
			sourceTree = SOURCE_ROOT;
		};
		AAFA3C400DB5BF0E00A8567E /* include */ = {
			isa = PBXGroup;
			children = (
				AAFA3C410DB5BF0E00A8567E /* simd_cp.h */,
				AAFA3C420DB5BF0E00A8567E /* simd_cp_arm-iwmmx.h */,
				AAFA3C430DB5BF0E00A8567E /* simd_cp_emu.h */,
				AAFA3C440DB5BF0E00A8567E /* simd_cp_x86.h */,
			);
			name = include;
			path = ../../../../basekit/source/simd_cph/include;
			sourceTree = SOURCE_ROOT;
		};
		AAFA3C600DB5BF0E00A8567E /* jfile */ = {
			isa = PBXGroup;
			children = (
				AAFA3D000DB5BF0F00A8567E /* source */,
			);
			name = jfile;
			path = ../../../../jfile;
			sourceTree = SOURCE_ROOT;
		};
		AAFA3D000DB5BF0F00A8567E /* source */ = {
			isa = PBXGroup;
			children = (
				AAFA3D010DB5BF0F00A8567E /* JFile.c */,
				AAFA3D020DB5BF0F00A8567E /* JFile.h */,
			);
			name = source;
			path = ../../../../jfile/source;
			sourceTree = SOURCE_ROOT;
		};
		AAFA3D070DB5BF0F00A8567E /* skipdb */ = {
			isa = PBXGroup;
			children = (
				AAFA3D270DB5BF0F00A8567E /* source */,
				AAFA3D2E0DB5BF0F00A8567E /* tests */,
			);
			name = skipdb;
			path = ../../..;
			sourceTree = SOURCE_ROOT;
		};
		AAFA3D270DB5BF0F00A8567E /* source */ = {
			isa = PBXGroup;
			children = (
				AAFA3D280DB5BF0F00A8567E /* SkipDB.c */,
				AAFA3D290DB5BF0F00A8567E /* SkipDB.h */,
				AAFA3D2A0DB5BF0F00A8567E /* SkipDBCursor.c */,
				AAFA3D2B0DB5BF0F00A8567E /* SkipDBCursor.h */,
				AAFA3D2C0DB5BF0F00A8567E /* SkipDBRecord.c */,
				AAFA3D2D0DB5BF0F00A8567E /* SkipDBRecord.h */,
			);
			name = source;
			path = ../../../source;
			sourceTree = SOURCE_ROOT;
		};
		AAFA3D2E0DB5BF0F00A8567E /* tests */ = {
			isa = PBXGroup;
			children = (
				AA0DDDCF0DB69B7400749820 /* test.c */,
			);
			name = tests;
			path = ../../../tests;
			sourceTree = SOURCE_ROOT;
		};
		AAFA3D320DB5BF0F00A8567E /* udb */ = {
			isa = PBXGroup;
			children = (
				AAFA3DE40DB5BF0F00A8567E /* source */,
			);
			name = udb;
			path = ../../../../udb;
			sourceTree = SOURCE_ROOT;
		};
		AAFA3DE40DB5BF0F00A8567E /* source */ = {
			isa = PBXGroup;
			children = (
				AAFA3DE50DB5BF0F00A8567E /* UDB.c */,
				AAFA3DE60DB5BF0F00A8567E /* UDB.h */,
				AAFA3DE70DB5BF0F00A8567E /* UDBIndex.c */,
				AAFA3DE80DB5BF0F00A8567E /* UDBIndex.h */,
				AAFA3DE90DB5BF0F00A8567E /* UDBRecord.c */,
				AAFA3DEA0DB5BF0F00A8567E /* UDBRecord.h */,
				AAFA3DEB0DB5BF0F00A8567E /* UDBRecords.c */,
				AAFA3DEC0DB5BF0F00A8567E /* UDBRecords.h */,
			);
			name = source;
			path = ../../../../udb/source;
			sourceTree = SOURCE_ROOT;
		};
		C6A0FF2B0290797F04C91782 /* Documentation */ = {
			isa = PBXGroup;
			children = (
				C6A0FF2C0290799A04C91782 /* SkipDB.1 */,
			);
			name = Documentation;
			sourceTree = "<group>";
		};
/* End PBXGroup section */

/* Begin PBXNativeTarget section */
		8DD76FA90486AB0100D96B5E /* SkipDB */ = {
			isa = PBXNativeTarget;
			buildConfigurationList = 1DEB928508733DD80010E9CD /* Build configuration list for PBXNativeTarget "SkipDB" */;
			buildPhases = (
				8DD76FAB0486AB0100D96B5E /* Sources */,
				8DD76FAD0486AB0100D96B5E /* Frameworks */,
				8DD76FAF0486AB0100D96B5E /* CopyFiles */,
			);
			buildRules = (
			);
			dependencies = (
			);
			name = SkipDB;
			productInstallPath = "$(HOME)/bin";
			productName = SkipDB;
			productReference = 8DD76FB20486AB0100D96B5E /* SkipDB */;
			productType = "com.apple.product-type.tool";
		};
/* End PBXNativeTarget section */

/* Begin PBXProject section */
		08FB7793FE84155DC02AAC07 /* Project object */ = {
			isa = PBXProject;
			buildConfigurationList = 1DEB928908733DD80010E9CD /* Build configuration list for PBXProject "SkipDB" */;
			compatibilityVersion = "Xcode 3.1";
			hasScannedForEncodings = 1;
			mainGroup = 08FB7794FE84155DC02AAC07 /* SkipDB */;
			projectDirPath = "";
			projectRoot = "";
			targets = (
				8DD76FA90486AB0100D96B5E /* SkipDB */,
			);
		};
/* End PBXProject section */

/* Begin PBXSourcesBuildPhase section */
		8DD76FAB0486AB0100D96B5E /* Sources */ = {
			isa = PBXSourcesBuildPhase;
			buildActionMask = 2147483647;
			files = (
				AAFA3E110DB5BF0F00A8567E /* BStream.c in Sources */,
				AAFA3E120DB5BF0F00A8567E /* BStreamTag.c in Sources */,
				AAFA3E130DB5BF0F00A8567E /* Common.c in Sources */,
				AAFA3E140DB5BF0F00A8567E /* ConvertUTF.c in Sources */,
				AAFA3E150DB5BF0F00A8567E /* Date.c in Sources */,
				AAFA3E160DB5BF0F00A8567E /* Datum.c in Sources */,
				AAFA3E170DB5BF0F00A8567E /* Duration.c in Sources */,
				AAFA3E180DB5BF0F00A8567E /* DynLib.c in Sources */,
				AAFA3E190DB5BF0F00A8567E /* List.c in Sources */,
				AAFA3E1A0DB5BF0F00A8567E /* MainArgs.c in Sources */,
				AAFA3E1B0DB5BF0F00A8567E /* PHash.c in Sources */,
				AAFA3E1C0DB5BF0F00A8567E /* PortableGettimeofday.c in Sources */,
				AAFA3E1D0DB5BF0F00A8567E /* PortableSnprintf.c in Sources */,
				AAFA3E1E0DB5BF0F00A8567E /* PortableStrlcpy.c in Sources */,
				AAFA3E1F0DB5BF0F00A8567E /* PortableStrptime.c in Sources */,
				AAFA3E200DB5BF0F00A8567E /* PortableTruncate.c in Sources */,
				AAFA3E210DB5BF0F00A8567E /* PortableUsleep.c in Sources */,
				AAFA3E220DB5BF0F00A8567E /* RandomGen.c in Sources */,
				AAFA3E230DB5BF0F00A8567E /* SHash.c in Sources */,
				AAFA3E260DB5BF0F00A8567E /* Sorting.c in Sources */,
				AAFA3E270DB5BF0F00A8567E /* Stack.c in Sources */,
				AAFA3E280DB5BF0F00A8567E /* UArray.c in Sources */,
				AAFA3E290DB5BF0F00A8567E /* UArray_character.c in Sources */,
				AAFA3E2A0DB5BF0F00A8567E /* UArray_format.c in Sources */,
				AAFA3E2B0DB5BF0F00A8567E /* UArray_math.c in Sources */,
				AAFA3E2C0DB5BF0F00A8567E /* UArray_path.c in Sources */,
				AAFA3E2D0DB5BF0F00A8567E /* UArray_stream.c in Sources */,
				AAFA3E2E0DB5BF0F00A8567E /* UArray_string.c in Sources */,
				AAFA3E2F0DB5BF0F00A8567E /* UArray_utf.c in Sources */,
				AAFA3E8E0DB5BF0F00A8567E /* JFile.c in Sources */,
				AAFA3E920DB5BF0F00A8567E /* SkipDB.c in Sources */,
				AAFA3E930DB5BF0F00A8567E /* SkipDBCursor.c in Sources */,
				AAFA3E940DB5BF0F00A8567E /* SkipDBRecord.c in Sources */,
				AAFA3F030DB5BF0F00A8567E /* UDB.c in Sources */,
				AAFA3F040DB5BF0F00A8567E /* UDBIndex.c in Sources */,
				AAFA3F050DB5BF0F00A8567E /* UDBRecord.c in Sources */,
				AAFA3F060DB5BF0F00A8567E /* UDBRecords.c in Sources */,
				AA0DDDD00DB69B7400749820 /* test.c in Sources */,
			);
			runOnlyForDeploymentPostprocessing = 0;
		};
/* End PBXSourcesBuildPhase section */

/* Begin XCBuildConfiguration section */
		1DEB928608733DD80010E9CD /* Debug */ = {
			isa = XCBuildConfiguration;
			buildSettings = {
				ALWAYS_SEARCH_USER_PATHS = NO;
				COPY_PHASE_STRIP = NO;
				GCC_DYNAMIC_NO_PIC = NO;
				GCC_ENABLE_FIX_AND_CONTINUE = YES;
				GCC_MODEL_TUNING = G5;
				GCC_OPTIMIZATION_LEVEL = 0;
				INSTALL_PATH = /usr/local/bin;
				LIBRARY_SEARCH_PATHS = (
					"$(inherited)",
					"\"$(SRCROOT)/../../../../basekit/_build/dll\"",
					"\"$(SRCROOT)/../../../../basekit/_build/lib\"",
					"\"$(SRCROOT)/../../../../jfile/_build/dll\"",
					"\"$(SRCROOT)/../../../../jfile/_build/lib\"",
				);
				PRODUCT_NAME = SkipDB;
			};
			name = Debug;
		};
		1DEB928708733DD80010E9CD /* Release */ = {
			isa = XCBuildConfiguration;
			buildSettings = {
				ALWAYS_SEARCH_USER_PATHS = NO;
				DEBUG_INFORMATION_FORMAT = "dwarf-with-dsym";
				GCC_MODEL_TUNING = G5;
				INSTALL_PATH = /usr/local/bin;
				LIBRARY_SEARCH_PATHS = (
					"$(inherited)",
					"\"$(SRCROOT)/../../../../basekit/_build/dll\"",
					"\"$(SRCROOT)/../../../../basekit/_build/lib\"",
					"\"$(SRCROOT)/../../../../jfile/_build/dll\"",
					"\"$(SRCROOT)/../../../../jfile/_build/lib\"",
				);
				PRODUCT_NAME = SkipDB;
			};
			name = Release;
		};
		1DEB928A08733DD80010E9CD /* Debug */ = {
			isa = XCBuildConfiguration;
			buildSettings = {
				ALWAYS_SEARCH_USER_PATHS = NO;
				ARCHS = "$(ARCHS_STANDARD_32_BIT)";
				GCC_C_LANGUAGE_STANDARD = c99;
				GCC_OPTIMIZATION_LEVEL = 0;
				GCC_WARN_ABOUT_RETURN_TYPE = YES;
				GCC_WARN_UNUSED_VARIABLE = YES;
				ONLY_ACTIVE_ARCH = YES;
				PREBINDING = NO;
				SDKROOT = macosx10.5;
			};
			name = Debug;
		};
		1DEB928B08733DD80010E9CD /* Release */ = {
			isa = XCBuildConfiguration;
			buildSettings = {
				ALWAYS_SEARCH_USER_PATHS = NO;
				ARCHS = "$(ARCHS_STANDARD_32_BIT)";
				GCC_C_LANGUAGE_STANDARD = c99;
				GCC_WARN_ABOUT_RETURN_TYPE = YES;
				GCC_WARN_UNUSED_VARIABLE = YES;
				PREBINDING = NO;
				SDKROOT = macosx10.5;
			};
			name = Release;
		};
/* End XCBuildConfiguration section */

/* Begin XCConfigurationList section */
		1DEB928508733DD80010E9CD /* Build configuration list for PBXNativeTarget "SkipDB" */ = {
			isa = XCConfigurationList;
			buildConfigurations = (
				1DEB928608733DD80010E9CD /* Debug */,
				1DEB928708733DD80010E9CD /* Release */,
			);
			defaultConfigurationIsVisible = 0;
			defaultConfigurationName = Release;
		};
		1DEB928908733DD80010E9CD /* Build configuration list for PBXProject "SkipDB" */ = {
			isa = XCConfigurationList;
			buildConfigurations = (
				1DEB928A08733DD80010E9CD /* Debug */,
				1DEB928B08733DD80010E9CD /* Release */,
			);
			defaultConfigurationIsVisible = 0;
			defaultConfigurationName = Release;
		};
/* End XCConfigurationList section */
	};
	rootObject = 08FB7793FE84155DC02AAC07 /* Project object */;
}
